{
  "requires": true,
  "lockfileVersion": 1,
  "dependencies": {
    "@mhitrov/custom-tooltip": {
      "version": "1.0.0",
      "resolved": "https://registry.npmjs.org/@mhitrov/custom-tooltip/-/custom-tooltip-1.0.0.tgz",
      "integrity": "sha512-a5XpmlB30zJMPFdvUznmDzB2FIwOJG6FclzgazlrJe6//nlUxZoRM1RZ0YP/wRdCY9ODSO3htcron1AMhqCJGQ=="
    }
  }
}
